
Microsoft Visual Studio Solution File, Format Version 12.00
# Visual Studio Version 17
VisualStudioVersion = 17.5.2.0
MinimumVisualStudioVersion = 10.0.40219.1
Project("{FAE04EC0-301F-11D3-BF4B-00C04F79EFBC}") = "InventorySync.Worker", "InventorySync.Worker.csproj", "{D27F3BF5-5FA7-7063-204E-D17BEFCA50A0}"
EndProject
Project("{FAE04EC0-301F-11D3-BF4B-00C04F79EFBC}") = "InventorySync.Worker.Tests", "..\InventorySync.Worker.Tests\InventorySync.Worker.Tests.csproj", "{4C060C52-F691-4891-9B95-C348856D4233}"
EndProject
Global
	GlobalSection(SolutionConfigurationPlatforms) = preSolution
		Debug|Any CPU = Debug|Any CPU
		Debug|x64 = Debug|x64
		Debug|x86 = Debug|x86
		Release|Any CPU = Release|Any CPU
		Release|x64 = Release|x64
		Release|x86 = Release|x86
	EndGlobalSection
	GlobalSection(ProjectConfigurationPlatforms) = postSolution
		{D27F3BF5-5FA7-7063-204E-D17BEFCA50A0}.Debug|Any CPU.ActiveCfg = Debug|Any CPU
		{D27F3BF5-5FA7-7063-204E-D17BEFCA50A0}.Debug|Any CPU.Build.0 = Debug|Any CPU
		{D27F3BF5-5FA7-7063-204E-D17BEFCA50A0}.Debug|x64.ActiveCfg = Debug|Any CPU
		{D27F3BF5-5FA7-7063-204E-D17BEFCA50A0}.Debug|x64.Build.0 = Debug|Any CPU
		{D27F3BF5-5FA7-7063-204E-D17BEFCA50A0}.Debug|x86.ActiveCfg = Debug|Any CPU
		{D27F3BF5-5FA7-7063-204E-D17BEFCA50A0}.Debug|x86.Build.0 = Debug|Any CPU
		{D27F3BF5-5FA7-7063-204E-D17BEFCA50A0}.Release|Any CPU.ActiveCfg = Release|Any CPU
		{D27F3BF5-5FA7-7063-204E-D17BEFCA50A0}.Release|Any CPU.Build.0 = Release|Any CPU
		{D27F3BF5-5FA7-7063-204E-D17BEFCA50A0}.Release|x64.ActiveCfg = Release|Any CPU
		{D27F3BF5-5FA7-7063-204E-D17BEFCA50A0}.Release|x64.Build.0 = Release|Any CPU
		{D27F3BF5-5FA7-7063-204E-D17BEFCA50A0}.Release|x86.ActiveCfg = Release|Any CPU
		{D27F3BF5-5FA7-7063-204E-D17BEFCA50A0}.Release|x86.Build.0 = Release|Any CPU
		{4C060C52-F691-4891-9B95-C348856D4233}.Debug|Any CPU.ActiveCfg = Debug|Any CPU
		{4C060C52-F691-4891-9B95-C348856D4233}.Debug|Any CPU.Build.0 = Debug|Any CPU
		{4C060C52-F691-4891-9B95-C348856D4233}.Debug|x64.ActiveCfg = Debug|Any CPU
		{4C060C52-F691-4891-9B95-C348856D4233}.Debug|x64.Build.0 = Debug|Any CPU
		{4C060C52-F691-4891-9B95-C348856D4233}.Debug|x86.ActiveCfg = Debug|Any CPU
		{4C060C52-F691-4891-9B95-C348856D4233}.Debug|x86.Build.0 = Debug|Any CPU
		{4C060C52-F691-4891-9B95-C348856D4233}.Release|Any CPU.ActiveCfg = Release|Any CPU
		{4C060C52-F691-4891-9B95-C348856D4233}.Release|Any CPU.Build.0 = Release|Any CPU
		{4C060C52-F691-4891-9B95-C348856D4233}.Release|x64.ActiveCfg = Release|Any CPU
		{4C060C52-F691-4891-9B95-C348856D4233}.Release|x64.Build.0 = Release|Any CPU
		{4C060C52-F691-4891-9B95-C348856D4233}.Release|x86.ActiveCfg = Release|Any CPU
		{4C060C52-F691-4891-9B95-C348856D4233}.Release|x86.Build.0 = Release|Any CPU
	EndGlobalSection
	GlobalSection(SolutionProperties) = preSolution
		HideSolutionNode = FALSE
	EndGlobalSection
	GlobalSection(ExtensibilityGlobals) = postSolution
		SolutionGuid = {2EADE268-56AC-4FD8-9CE8-1A599E9181BA}
	EndGlobalSection
EndGlobal
